{
  "nodes": {
    "arc": {
      "inputs": {
        "nixpkgs": [
          "nixpkgs"
        ]
      },
      "locked": {
        "lastModified": 1670561822,
        "narHash": "sha256-cUSp0A6TXEiyK9VHPlw2V5oDy9HL0Z0dftEBxDhnaEk=",
        "owner": "arcnmx",
        "repo": "nixexprs",
        "rev": "97f238277347ec38d60718074b5497ac6caad7ae",
        "type": "github"
      },
      "original": {
        "owner": "arcnmx",
        "repo": "nixexprs",
        "type": "github"
      }
    },
    "fl-config": {
      "locked": {
        "lastModified": 1653159448,
        "narHash": "sha256-PvB9ha0r4w6p412MBPP71kS/ZTBnOjxL0brlmyucPBA=",
        "owner": "flakelib",
        "repo": "fl",
        "rev": "fcefb9738d5995308a24cda018a083ccb6b0f460",
        "type": "github"
      },
      "original": {
        "owner": "flakelib",
        "ref": "config",
        "repo": "fl",
        "type": "github"
      }
    },
    "flakelib": {
      "inputs": {
        "fl-config": "fl-config",
        "std": "std"
      },
      "locked": {
        "lastModified": 1669759641,
        "narHash": "sha256-Zc6rZC0gTLZ9AzGG6vlImkYZGRf0bdMNk1fwS06ZqnU=",
        "owner": "flakelib",
        "repo": "fl",
        "rev": "ac03e98777f3f03e694f1bcf0c6a6a304734a263",
        "type": "github"
      },
      "original": {
        "owner": "flakelib",
        "repo": "fl",
        "type": "github"
      }
    },
    "nix-std": {
      "locked": {
        "lastModified": 1652644856,
        "narHash": "sha256-tRRx4bBFwctWrUhnCNrcRee8Wiol1M7ypQTOPrLLtkc=",
        "owner": "flakelib",
        "repo": "std",
        "rev": "194230d45e99ce84cf25ea8b3ae4774601fc097c",
        "type": "github"
      },
      "original": {
        "owner": "flakelib",
        "ref": "master",
        "repo": "std",
        "type": "github"
      }
    },
    "nixpkgs": {
      "locked": {
        "lastModified": 1670511049,
        "narHash": "sha256-ZLQsjaYllPB/vVECvN2ICqSKjYsMs9cksFiNZfHg5OQ=",
        "owner": "NixOS",
        "repo": "nixpkgs",
        "rev": "299a800c4c1c0c56c54c81bb7ce575af5958437f",
        "type": "github"
      },
      "original": {
        "id": "nixpkgs",
        "type": "indirect"
      }
    },
    "root": {
      "inputs": {
        "arc": "arc",
        "flakelib": "flakelib",
        "nixpkgs": "nixpkgs",
        "rust": "rust"
      }
    },
    "rust": {
      "inputs": {
        "nixpkgs": [
          "nixpkgs"
        ]
      },
      "locked": {
        "lastModified": 1670557099,
        "narHash": "sha256-M9DpM3iuBKZTm21i/R8g9BHnxLoQdhUi8OmQypzh8Ao=",
        "owner": "arcnmx",
        "repo": "nixexprs-rust",
        "rev": "3c6e149c2cc0481ff7b152caddcfe60c0a4dcbad",
        "type": "github"
      },
      "original": {
        "owner": "arcnmx",
        "repo": "nixexprs-rust",
        "type": "github"
      }
    },
    "std": {
      "inputs": {
        "nix-std": "nix-std"
      },
      "locked": {
        "lastModified": 1669759267,
        "narHash": "sha256-jBAtT8Hb9XwiW5cBDl2SmOMbRivGoi9H6t78fJUO53g=",
        "owner": "flakelib",
        "repo": "std",
        "rev": "628acb137d798d59d638999da4e1715572f18edb",
        "type": "github"
      },
      "original": {
        "owner": "flakelib",
        "repo": "std",
        "type": "github"
      }
    }
  },
  "root": "root",
  "version": 7
}
