{
  "nodes": {
    "arc": {
      "inputs": {
        "nixpkgs": [
          "nixpkgs"
        ]
      },
      "locked": {
        "lastModified": 1670140114,
        "narHash": "sha256-Z8lmLwKTf171WYH8EMko57VtobF8DgPtKL3ioXBlKP4=",
        "owner": "arcnmx",
        "repo": "nixexprs",
        "rev": "be538181c1937c11d4ad4a0b4da203169f150be2",
        "type": "github"
      },
      "original": {
        "owner": "arcnmx",
        "repo": "nixexprs",
        "type": "github"
      }
    },
    "fl-config": {
      "locked": {
        "lastModified": 1653159448,
        "narHash": "sha256-PvB9ha0r4w6p412MBPP71kS/ZTBnOjxL0brlmyucPBA=",
        "owner": "flakelib",
        "repo": "fl",
        "rev": "fcefb9738d5995308a24cda018a083ccb6b0f460",
        "type": "github"
      },
      "original": {
        "owner": "flakelib",
        "ref": "config",
        "repo": "fl",
        "type": "github"
      }
    },
    "flakelib": {
      "inputs": {
        "fl-config": "fl-config",
        "std": "std"
      },
      "locked": {
        "lastModified": 1669759641,
        "narHash": "sha256-Zc6rZC0gTLZ9AzGG6vlImkYZGRf0bdMNk1fwS06ZqnU=",
        "owner": "flakelib",
        "repo": "fl",
        "rev": "ac03e98777f3f03e694f1bcf0c6a6a304734a263",
        "type": "github"
      },
      "original": {
        "owner": "flakelib",
        "repo": "fl",
        "type": "github"
      }
    },
    "nix-std": {
      "locked": {
        "lastModified": 1652644856,
        "narHash": "sha256-tRRx4bBFwctWrUhnCNrcRee8Wiol1M7ypQTOPrLLtkc=",
        "owner": "flakelib",
        "repo": "std",
        "rev": "194230d45e99ce84cf25ea8b3ae4774601fc097c",
        "type": "github"
      },
      "original": {
        "owner": "flakelib",
        "ref": "master",
        "repo": "std",
        "type": "github"
      }
    },
    "nixpkgs": {
      "locked": {
        "lastModified": 1670086663,
        "narHash": "sha256-hT8C8AQB74tdoCPwz4nlJypLMD7GI2F5q+vn+VE/qQk=",
        "owner": "NixOS",
        "repo": "nixpkgs",
        "rev": "813836d64fa57285d108f0dbf2356457ccd304e3",
        "type": "github"
      },
      "original": {
        "id": "nixpkgs",
        "type": "indirect"
      }
    },
    "root": {
      "inputs": {
        "arc": "arc",
        "flakelib": "flakelib",
        "nixpkgs": "nixpkgs",
        "rust": "rust"
      }
    },
    "rust": {
      "inputs": {
        "nixpkgs": [
          "nixpkgs"
        ]
      },
      "locked": {
        "lastModified": 1670191624,
        "narHash": "sha256-EMtxHu2GIBy7ZdFTWAkqQkhOSjvg4fisEeHgwhFDzOA=",
        "owner": "arcnmx",
        "repo": "nixexprs-rust",
        "rev": "f0c1ddb38c79f6fbc42bb9e6432408de6af43cca",
        "type": "github"
      },
      "original": {
        "owner": "arcnmx",
        "repo": "nixexprs-rust",
        "type": "github"
      }
    },
    "std": {
      "inputs": {
        "nix-std": "nix-std"
      },
      "locked": {
        "lastModified": 1669759267,
        "narHash": "sha256-jBAtT8Hb9XwiW5cBDl2SmOMbRivGoi9H6t78fJUO53g=",
        "owner": "flakelib",
        "repo": "std",
        "rev": "628acb137d798d59d638999da4e1715572f18edb",
        "type": "github"
      },
      "original": {
        "owner": "flakelib",
        "repo": "std",
        "type": "github"
      }
    }
  },
  "root": "root",
  "version": 7
}
